<?xml version="1.0" encoding="utf-8"?>
<Project ToolsVersion="4.0" xmlns="http://schemas.microsoft.com/developer/msbuild/2003">
  <ItemGroup>
    <Filter Include="Source Files">
      <UniqueIdentifier>{4FC737F1-C7A5-4376-A066-2A32D752A2FF}</UniqueIdentifier>
      <Extensions>cpp;c;cc;cxx;def;odl;idl;hpj;bat;asm;asmx</Extensions>
    </Filter>
    <Filter Include="Header Files">
      <UniqueIdentifier>{93995380-89BD-4b04-88EB-625FBE52EBFB}</UniqueIdentifier>
      <Extensions>h;hh;hpp;hxx;hm;inl;inc;xsd</Extensions>
    </Filter>
    <Filter Include="Resource Files">
      <UniqueIdentifier>{67DA6AB6-F800-4c08-8B7A-83BB121AAD01}</UniqueIdentifier>
      <Extensions>rc;ico;cur;bmp;dlg;rc2;rct;bin;rgs;gif;jpg;jpeg;jpe;resx;tiff;tif;png;wav;mfcribbon-ms</Extensions>
    </Filter>
    <Filter Include="Header Files\Problems">
      <UniqueIdentifier>{99ea46ac-e51a-4551-95aa-b2cb7123b7ae}</UniqueIdentifier>
    </Filter>
    <Filter Include="Source Files\Problems">
      <UniqueIdentifier>{54518681-39e1-43b8-8f7d-b97c6dbb87dd}</UniqueIdentifier>
    </Filter>
    <Filter Include="Header Files\PrimeMap">
      <UniqueIdentifier>{f70af97f-4ca5-4cf0-9b2e-99a0bb922e5a}</UniqueIdentifier>
    </Filter>
    <Filter Include="Source Files\Problems\PrimeMap">
      <UniqueIdentifier>{38eddaf8-87be-47be-8283-b45c1865bf0e}</UniqueIdentifier>
    </Filter>
  </ItemGroup>
  <ItemGroup>
    <Text Include="ReadMe.txt" />
  </ItemGroup>
  <ItemGroup>
    <ClInclude Include="stdafx.h">
      <Filter>Header Files</Filter>
    </ClInclude>
    <ClInclude Include="targetver.h">
      <Filter>Header Files</Filter>
    </ClInclude>
    <ClInclude Include="pjeChooser.h">
      <Filter>Header Files</Filter>
    </ClInclude>
    <ClInclude Include="pjeFactorizerUtils.h">
      <Filter>Header Files</Filter>
    </ClInclude>
    <ClInclude Include="pjeFactory.h">
      <Filter>Header Files</Filter>
    </ClInclude>
    <ClInclude Include="pjeSolution.h">
      <Filter>Header Files</Filter>
    </ClInclude>
    <ClInclude Include="pjeProblem_1.h">
      <Filter>Header Files\Problems</Filter>
    </ClInclude>
    <ClInclude Include="pjeProblem_2.h">
      <Filter>Header Files\Problems</Filter>
    </ClInclude>
    <ClInclude Include="pjeProblem_3.h">
      <Filter>Header Files\Problems</Filter>
    </ClInclude>
    <ClInclude Include="pjeProblem_4.h">
      <Filter>Header Files\Problems</Filter>
    </ClInclude>
    <ClInclude Include="pjeProblem_5.h">
      <Filter>Header Files\Problems</Filter>
    </ClInclude>
    <ClInclude Include="pjeProblem_6.h">
      <Filter>Header Files\Problems</Filter>
    </ClInclude>
    <ClInclude Include="pjeProblem_7.h">
      <Filter>Header Files\Problems</Filter>
    </ClInclude>
    <ClInclude Include="pjeProblem_8.h">
      <Filter>Header Files\Problems</Filter>
    </ClInclude>
    <ClInclude Include="pjeProblem_9.h">
      <Filter>Header Files\Problems</Filter>
    </ClInclude>
    <ClInclude Include="pjeProblem_10.h">
      <Filter>Header Files\Problems</Filter>
    </ClInclude>
    <ClInclude Include="pjeProblem51.h">
      <Filter>Header Files\Problems</Filter>
    </ClInclude>
    <ClInclude Include="pjeNumUtils.h">
      <Filter>Header Files</Filter>
    </ClInclude>
    <ClInclude Include="pjeProblem_60.h">
      <Filter>Header Files\Problems</Filter>
    </ClInclude>
    <ClInclude Include="pjePrimeMap.h">
      <Filter>Header Files\PrimeMap</Filter>
    </ClInclude>
    <ClInclude Include="pjePrimeNode.h">
      <Filter>Header Files\PrimeMap</Filter>
    </ClInclude>
  </ItemGroup>
  <ItemGroup>
    <ClCompile Include="stdafx.cpp">
      <Filter>Source Files</Filter>
    </ClCompile>
    <ClCompile Include="Euler.cpp">
      <Filter>Source Files</Filter>
    </ClCompile>
    <ClCompile Include="pjeChooser.cpp">
      <Filter>Source Files</Filter>
    </ClCompile>
    <ClCompile Include="pjeFactorizerUtils.cpp">
      <Filter>Source Files</Filter>
    </ClCompile>
    <ClCompile Include="pjeFactory.cpp">
      <Filter>Source Files</Filter>
    </ClCompile>
    <ClCompile Include="pjeSolution.cpp">
      <Filter>Source Files</Filter>
    </ClCompile>
    <ClCompile Include="pjeProblem_1.cpp">
      <Filter>Source Files\Problems</Filter>
    </ClCompile>
    <ClCompile Include="pjeProblem_2.cpp">
      <Filter>Source Files\Problems</Filter>
    </ClCompile>
    <ClCompile Include="pjeProblem_3.cpp">
      <Filter>Source Files\Problems</Filter>
    </ClCompile>
    <ClCompile Include="pjeProblem_4.cpp">
      <Filter>Source Files\Problems</Filter>
    </ClCompile>
    <ClCompile Include="pjeProblem_5.cpp">
      <Filter>Source Files\Problems</Filter>
    </ClCompile>
    <ClCompile Include="pjeProblem_6.cpp">
      <Filter>Source Files\Problems</Filter>
    </ClCompile>
    <ClCompile Include="pjeProblem_7.cpp">
      <Filter>Source Files\Problems</Filter>
    </ClCompile>
    <ClCompile Include="pjeProblem_8.cpp">
      <Filter>Source Files\Problems</Filter>
    </ClCompile>
    <ClCompile Include="pjeProblem_9.cpp">
      <Filter>Source Files\Problems</Filter>
    </ClCompile>
    <ClCompile Include="pjeProblem_10.cpp">
      <Filter>Source Files\Problems</Filter>
    </ClCompile>
    <ClCompile Include="pjeProblem51.cpp">
      <Filter>Source Files\Problems</Filter>
    </ClCompile>
    <ClCompile Include="pjeNumUtils.cpp">
      <Filter>Source Files</Filter>
    </ClCompile>
    <ClCompile Include="pjeProblem_60.cpp">
      <Filter>Source Files\Problems</Filter>
    </ClCompile>
    <ClCompile Include="pjePrimeMap.cpp">
      <Filter>Source Files\Problems\PrimeMap</Filter>
    </ClCompile>
    <ClCompile Include="pjePrimeNode.cpp">
      <Filter>Source Files\Problems\PrimeMap</Filter>
    </ClCompile>
  </ItemGroup>
</Project>